
Microsoft Visual Studio Solution File, Format Version 12.00
# Visual Studio Version 17
VisualStudioVersion = 17.10.35004.147
MinimumVisualStudioVersion = 10.0.40219.1
Project("{FAE04EC0-301F-11D3-BF4B-00C04F79EFBC}") = "ChatOperaMini", "ChatOperaMini\ChatOperaMini.csproj", "{6A88ACA3-D3D3-48A3-8E84-A31FAC1F2573}"
EndProject
Global
	GlobalSection(SolutionConfigurationPlatforms) = preSolution
		Debug|Any CPU = Debug|Any CPU
		Release|Any CPU = Release|Any CPU
	EndGlobalSection
	GlobalSection(ProjectConfigurationPlatforms) = postSolution
		{6A88ACA3-D3D3-48A3-8E84-A31FAC1F2573}.Debug|Any CPU.ActiveCfg = Debug|Any CPU
		{6A88ACA3-D3D3-48A3-8E84-A31FAC1F2573}.Debug|Any CPU.Build.0 = Debug|Any CPU
		{6A88ACA3-D3D3-48A3-8E84-A31FAC1F2573}.Release|Any CPU.ActiveCfg = Release|Any CPU
		{6A88ACA3-D3D3-48A3-8E84-A31FAC1F2573}.Release|Any CPU.Build.0 = Release|Any CPU
	EndGlobalSection
	GlobalSection(SolutionProperties) = preSolution
		HideSolutionNode = FALSE
	EndGlobalSection
	GlobalSection(ExtensibilityGlobals) = postSolution
		SolutionGuid = {8D22B10C-73E0-4510-B627-2ED597EF0898}
	EndGlobalSection
EndGlobal
